
Microsoft Visual Studio Solution File, Format Version 12.00
# Visual Studio Version 17
VisualStudioVersion = 17.1.32421.90
MinimumVisualStudioVersion = 10.0.40219.1
Project("{FAE04EC0-301F-11D3-BF4B-00C04F79EFBC}") = "Code_II_app_II", "Code_II_app_II\Code_II_app_II.csproj", "{D131F2DC-701E-44AB-AF3A-71A96EAD48CD}"
EndProject
Global
	GlobalSection(SolutionConfigurationPlatforms) = preSolution
		Debug|Any CPU = Debug|Any CPU
		Release|Any CPU = Release|Any CPU
	EndGlobalSection
	GlobalSection(ProjectConfigurationPlatforms) = postSolution
		{D131F2DC-701E-44AB-AF3A-71A96EAD48CD}.Debug|Any CPU.ActiveCfg = Debug|Any CPU
		{D131F2DC-701E-44AB-AF3A-71A96EAD48CD}.Debug|Any CPU.Build.0 = Debug|Any CPU
		{D131F2DC-701E-44AB-AF3A-71A96EAD48CD}.Release|Any CPU.ActiveCfg = Release|Any CPU
		{D131F2DC-701E-44AB-AF3A-71A96EAD48CD}.Release|Any CPU.Build.0 = Release|Any CPU
	EndGlobalSection
	GlobalSection(SolutionProperties) = preSolution
		HideSolutionNode = FALSE
	EndGlobalSection
	GlobalSection(ExtensibilityGlobals) = postSolution
		SolutionGuid = {B1FE54BC-89B1-4EA8-8376-55B6516C6268}
	EndGlobalSection
EndGlobal
